{
  "name": "exec-php",
  "version": "0.0.4",
  "lockfileVersion": 1,
  "requires": true,
  "dependencies": {
    "os-tmpdir": {
      "version": "1.0.2",
      "resolved": "https://registry.npmjs.org/os-tmpdir/-/os-tmpdir-1.0.2.tgz",
      "integrity": "sha1-u+Z0BseaqFxc/sdm/lc0VV36EnQ="
    },
    "should": {
      "version": "4.6.5",
      "resolved": "https://registry.npmjs.org/should/-/should-4.6.5.tgz",
      "integrity": "sha1-DRI0bbvRsCj59Lt6nVRzZPw2qH8=",
      "dev": true,
      "requires": {
        "should-equal": "0.3.1",
        "should-format": "0.0.7",
        "should-type": "0.0.4"
      }
    },
    "should-equal": {
      "version": "0.3.1",
      "resolved": "https://registry.npmjs.org/should-equal/-/should-equal-0.3.1.tgz",
      "integrity": "sha1-vY6pemdI45+tR2o75v1y68LnK/A=",
      "dev": true,
      "requires": {
        "should-type": "0.0.4"
      }
    },
    "should-format": {
      "version": "0.0.7",
      "resolved": "https://registry.npmjs.org/should-format/-/should-format-0.0.7.tgz",
      "integrity": "sha1-Hi74a9kdqcLgQSM1tWq6vZov3hI=",
      "dev": true,
      "requires": {
        "should-type": "0.0.4"
      }
    },
    "should-type": {
      "version": "0.0.4",
      "resolved": "https://registry.npmjs.org/should-type/-/should-type-0.0.4.tgz",
      "integrity": "sha1-ATKgVBemEmhmQmrPEW8e1WI6XNA=",
      "dev": true
    },
    "tmp": {
      "version": "0.0.33",
      "resolved": "https://registry.npmjs.org/tmp/-/tmp-0.0.33.tgz",
      "integrity": "sha512-jRCJlojKnZ3addtTOjdIqoRuPEKBvNXcGYqzO6zWZX8KfKEpnGY5jfggJQ3EjKuu8D4bJRr0y+cYJFmYbImXGw==",
      "requires": {
        "os-tmpdir": "1.0.2"
      }
    }
  }
}
